
Microsoft Visual Studio Solution File, Format Version 12.00
# Visual Studio 15
VisualStudioVersion = 15.0.28010.2046
MinimumVisualStudioVersion = 10.0.40219.1
Project("{FAE04EC0-301F-11D3-BF4B-00C04F79EFBC}") = "FinalProject.Domain", "..\FinalProject.Domain\FinalProject.Domain.csproj", "{31DC3B25-15AB-48DA-B6D2-0CEE167C8D12}"
EndProject
Project("{2150E333-8FDC-42A3-9474-1A3956D46DE8}") = "2-Domain", "2-Domain", "{E9599FD1-9461-4856-8D3F-5EB1F27B6614}"
EndProject
Project("{2150E333-8FDC-42A3-9474-1A3956D46DE8}") = "3-Data", "3-Data", "{AA321A9E-B1E4-40A7-B87E-36A44E5C2AC6}"
EndProject
Project("{FAE04EC0-301F-11D3-BF4B-00C04F79EFBC}") = "FinalProject.Data", "FinalProject.Data\FinalProject.Data.csproj", "{93B2C61E-F319-43F7-B05E-89317D54DACF}"
EndProject
Project("{2150E333-8FDC-42A3-9474-1A3956D46DE8}") = "0-Presentation", "0-Presentation", "{C3EAE96B-522A-41A8-A1EE-855831197F6C}"
EndProject
Project("{FAE04EC0-301F-11D3-BF4B-00C04F79EFBC}") = "ConsoleApp1", "ConsoleApp1\ConsoleApp1.csproj", "{A5F7892B-7F5B-41D1-A421-56D12A5E71F5}"
EndProject
Project("{FAE04EC0-301F-11D3-BF4B-00C04F79EFBC}") = "FinalProject.WebApi", "FinalProject.WebApi\FinalProject.WebApi.csproj", "{9F17A74D-B2F8-4A19-A1FC-50A0D7D6C8C4}"
EndProject
Project("{FAE04EC0-301F-11D3-BF4B-00C04F79EFBC}") = "FinalProject.WindowsFormsApp", "FinalProject.WindowsFormsApp\FinalProject.WindowsFormsApp.csproj", "{AA7C9118-6123-4324-A073-124FD63B7463}"
EndProject
Project("{2150E333-8FDC-42A3-9474-1A3956D46DE8}") = "API", "API", "{045E0777-F63E-463D-A238-3222686C0F41}"
EndProject
Project("{2150E333-8FDC-42A3-9474-1A3956D46DE8}") = "WindowForms", "WindowForms", "{C135956A-860E-43CB-B921-6F96C0F46388}"
EndProject
Project("{2150E333-8FDC-42A3-9474-1A3956D46DE8}") = "Console", "Console", "{B880CF54-1589-46CA-9850-4ED49EE30151}"
EndProject
Project("{2150E333-8FDC-42A3-9474-1A3956D46DE8}") = "1-Service", "1-Service", "{8E7EE5E0-2422-4BE8-8A31-FFDB4838A091}"
EndProject
Global
	GlobalSection(SolutionConfigurationPlatforms) = preSolution
		Debug|Any CPU = Debug|Any CPU
		Release|Any CPU = Release|Any CPU
	EndGlobalSection
	GlobalSection(ProjectConfigurationPlatforms) = postSolution
		{31DC3B25-15AB-48DA-B6D2-0CEE167C8D12}.Debug|Any CPU.ActiveCfg = Debug|Any CPU
		{31DC3B25-15AB-48DA-B6D2-0CEE167C8D12}.Debug|Any CPU.Build.0 = Debug|Any CPU
		{31DC3B25-15AB-48DA-B6D2-0CEE167C8D12}.Release|Any CPU.ActiveCfg = Release|Any CPU
		{31DC3B25-15AB-48DA-B6D2-0CEE167C8D12}.Release|Any CPU.Build.0 = Release|Any CPU
		{93B2C61E-F319-43F7-B05E-89317D54DACF}.Debug|Any CPU.ActiveCfg = Debug|Any CPU
		{93B2C61E-F319-43F7-B05E-89317D54DACF}.Debug|Any CPU.Build.0 = Debug|Any CPU
		{93B2C61E-F319-43F7-B05E-89317D54DACF}.Release|Any CPU.ActiveCfg = Release|Any CPU
		{93B2C61E-F319-43F7-B05E-89317D54DACF}.Release|Any CPU.Build.0 = Release|Any CPU
		{A5F7892B-7F5B-41D1-A421-56D12A5E71F5}.Debug|Any CPU.ActiveCfg = Debug|Any CPU
		{A5F7892B-7F5B-41D1-A421-56D12A5E71F5}.Debug|Any CPU.Build.0 = Debug|Any CPU
		{A5F7892B-7F5B-41D1-A421-56D12A5E71F5}.Release|Any CPU.ActiveCfg = Release|Any CPU
		{A5F7892B-7F5B-41D1-A421-56D12A5E71F5}.Release|Any CPU.Build.0 = Release|Any CPU
		{9F17A74D-B2F8-4A19-A1FC-50A0D7D6C8C4}.Debug|Any CPU.ActiveCfg = Debug|Any CPU
		{9F17A74D-B2F8-4A19-A1FC-50A0D7D6C8C4}.Debug|Any CPU.Build.0 = Debug|Any CPU
		{9F17A74D-B2F8-4A19-A1FC-50A0D7D6C8C4}.Release|Any CPU.ActiveCfg = Release|Any CPU
		{9F17A74D-B2F8-4A19-A1FC-50A0D7D6C8C4}.Release|Any CPU.Build.0 = Release|Any CPU
		{AA7C9118-6123-4324-A073-124FD63B7463}.Debug|Any CPU.ActiveCfg = Debug|Any CPU
		{AA7C9118-6123-4324-A073-124FD63B7463}.Debug|Any CPU.Build.0 = Debug|Any CPU
		{AA7C9118-6123-4324-A073-124FD63B7463}.Release|Any CPU.ActiveCfg = Release|Any CPU
		{AA7C9118-6123-4324-A073-124FD63B7463}.Release|Any CPU.Build.0 = Release|Any CPU
	EndGlobalSection
	GlobalSection(SolutionProperties) = preSolution
		HideSolutionNode = FALSE
	EndGlobalSection
	GlobalSection(NestedProjects) = preSolution
		{31DC3B25-15AB-48DA-B6D2-0CEE167C8D12} = {E9599FD1-9461-4856-8D3F-5EB1F27B6614}
		{93B2C61E-F319-43F7-B05E-89317D54DACF} = {AA321A9E-B1E4-40A7-B87E-36A44E5C2AC6}
		{A5F7892B-7F5B-41D1-A421-56D12A5E71F5} = {B880CF54-1589-46CA-9850-4ED49EE30151}
		{9F17A74D-B2F8-4A19-A1FC-50A0D7D6C8C4} = {045E0777-F63E-463D-A238-3222686C0F41}
		{AA7C9118-6123-4324-A073-124FD63B7463} = {C135956A-860E-43CB-B921-6F96C0F46388}
		{045E0777-F63E-463D-A238-3222686C0F41} = {8E7EE5E0-2422-4BE8-8A31-FFDB4838A091}
		{C135956A-860E-43CB-B921-6F96C0F46388} = {C3EAE96B-522A-41A8-A1EE-855831197F6C}
		{B880CF54-1589-46CA-9850-4ED49EE30151} = {C3EAE96B-522A-41A8-A1EE-855831197F6C}
	EndGlobalSection
	GlobalSection(ExtensibilityGlobals) = postSolution
		SolutionGuid = {0A3A93E6-725F-480A-8E04-2D3EE1A44683}
	EndGlobalSection
EndGlobal
